
Microsoft Visual Studio Solution File, Format Version 12.00
# Visual Studio Version 17
VisualStudioVersion = 17.14.36310.24
MinimumVisualStudioVersion = 10.0.40219.1
Project("{FAE04EC0-301F-11D3-BF4B-00C04F79EFBC}") = "CustomHomescreen", "CustomHomescreen.csproj", "{0C29E9BD-CF84-468D-84FE-CA996293678B}"
EndProject
Project("{2150E333-8FDC-42A3-9474-1A3956D46DE8}") = "Solution Items", "Solution Items", "{8EC462FD-D22E-90A8-E5CE-7E832BA40C5D}"
EndProject
Project("{FAE04EC0-301F-11D3-BF4B-00C04F79EFBC}") = "Launcher", "..\Launcher\Launcher.csproj", "{C840556E-4193-4C2E-B079-D84C865B7E2F}"
EndProject
Global
	GlobalSection(SolutionConfigurationPlatforms) = preSolution
		Debug|Any CPU = Debug|Any CPU
		Release|Any CPU = Release|Any CPU
	EndGlobalSection
	GlobalSection(ProjectConfigurationPlatforms) = postSolution
		{0C29E9BD-CF84-468D-84FE-CA996293678B}.Debug|Any CPU.ActiveCfg = Debug|Any CPU
		{0C29E9BD-CF84-468D-84FE-CA996293678B}.Debug|Any CPU.Build.0 = Debug|Any CPU
		{0C29E9BD-CF84-468D-84FE-CA996293678B}.Release|Any CPU.ActiveCfg = Release|Any CPU
		{0C29E9BD-CF84-468D-84FE-CA996293678B}.Release|Any CPU.Build.0 = Release|Any CPU
		{C840556E-4193-4C2E-B079-D84C865B7E2F}.Debug|Any CPU.ActiveCfg = Debug|Any CPU
		{C840556E-4193-4C2E-B079-D84C865B7E2F}.Debug|Any CPU.Build.0 = Debug|Any CPU
		{C840556E-4193-4C2E-B079-D84C865B7E2F}.Release|Any CPU.ActiveCfg = Release|Any CPU
		{C840556E-4193-4C2E-B079-D84C865B7E2F}.Release|Any CPU.Build.0 = Release|Any CPU
	EndGlobalSection
	GlobalSection(SolutionProperties) = preSolution
		HideSolutionNode = FALSE
	EndGlobalSection
	GlobalSection(ExtensibilityGlobals) = postSolution
		SolutionGuid = {21501919-DC98-41C4-8329-0EC3BA3EEE57}
	EndGlobalSection
EndGlobal
